{
  "name": "data-connection",
  "lockfileVersion": 3,
  "requires": true,
  "packages": {
    "": {
      "dependencies": {
        "language-data": "^0.1.3"
      }
    },
    "node_modules/language-data": {
      "version": "0.1.3",
      "resolved": "https://registry.npmjs.org/language-data/-/language-data-0.1.3.tgz",
      "integrity": "sha512-QzZ4ZukvmX/uEFmCP+VkcVnxyIA1etbUhXKV/uC3gZXZ/EGqCh0uJUMfRIu94eQmXFxIa+pt/+whuRtfFuk0Cw=="
    }
  }
}
